
Microsoft Visual Studio Solution File, Format Version 12.00
# Visual Studio Version 17
VisualStudioVersion = 17.7.34202.233
MinimumVisualStudioVersion = 10.0.40219.1
Project("{9A19103F-16F7-4668-BE54-9A1E7A4F7556}") = "FormAgenciaTurismo", "FormAgenciaTurismo\FormAgenciaTurismo.csproj", "{011FB09B-D490-480D-BC9D-27EB52A9E171}"
EndProject
Project("{9A19103F-16F7-4668-BE54-9A1E7A4F7556}") = "Biblioteca de Clases", "Biblioteca de Clases\Biblioteca de Clases.csproj", "{5177B3F0-653A-4121-925E-17F83FD4F882}"
EndProject
Project("{FAE04EC0-301F-11D3-BF4B-00C04F79EFBC}") = "DataAgencia", "DataAgencia\DataAgencia.csproj", "{6BCD9A54-840E-4D1B-8ADE-C125E22B7AA5}"
EndProject
Global
	GlobalSection(SolutionConfigurationPlatforms) = preSolution
		Debug|Any CPU = Debug|Any CPU
		Release|Any CPU = Release|Any CPU
	EndGlobalSection
	GlobalSection(ProjectConfigurationPlatforms) = postSolution
		{011FB09B-D490-480D-BC9D-27EB52A9E171}.Debug|Any CPU.ActiveCfg = Debug|Any CPU
		{011FB09B-D490-480D-BC9D-27EB52A9E171}.Debug|Any CPU.Build.0 = Debug|Any CPU
		{011FB09B-D490-480D-BC9D-27EB52A9E171}.Release|Any CPU.ActiveCfg = Release|Any CPU
		{011FB09B-D490-480D-BC9D-27EB52A9E171}.Release|Any CPU.Build.0 = Release|Any CPU
		{5177B3F0-653A-4121-925E-17F83FD4F882}.Debug|Any CPU.ActiveCfg = Debug|Any CPU
		{5177B3F0-653A-4121-925E-17F83FD4F882}.Debug|Any CPU.Build.0 = Debug|Any CPU
		{5177B3F0-653A-4121-925E-17F83FD4F882}.Release|Any CPU.ActiveCfg = Release|Any CPU
		{5177B3F0-653A-4121-925E-17F83FD4F882}.Release|Any CPU.Build.0 = Release|Any CPU
		{6BCD9A54-840E-4D1B-8ADE-C125E22B7AA5}.Debug|Any CPU.ActiveCfg = Debug|Any CPU
		{6BCD9A54-840E-4D1B-8ADE-C125E22B7AA5}.Debug|Any CPU.Build.0 = Debug|Any CPU
		{6BCD9A54-840E-4D1B-8ADE-C125E22B7AA5}.Release|Any CPU.ActiveCfg = Release|Any CPU
		{6BCD9A54-840E-4D1B-8ADE-C125E22B7AA5}.Release|Any CPU.Build.0 = Release|Any CPU
	EndGlobalSection
	GlobalSection(SolutionProperties) = preSolution
		HideSolutionNode = FALSE
	EndGlobalSection
	GlobalSection(ExtensibilityGlobals) = postSolution
		SolutionGuid = {4DA20033-CF51-4853-A3E5-06089FF90D79}
	EndGlobalSection
EndGlobal
